
Microsoft Visual Studio Solution File, Format Version 12.00
# Visual Studio Version 17
VisualStudioVersion = 17.12.35707.178 d17.12
MinimumVisualStudioVersion = 10.0.40219.1
Project("{FAE04EC0-301F-11D3-BF4B-00C04F79EFBC}") = "ApiMS", "ApiMS\ApiMS.csproj", "{1B47DA8C-8F68-45DA-945F-7A6DEE754808}"
EndProject
Project("{FAE04EC0-301F-11D3-BF4B-00C04F79EFBC}") = "ApiMS.Core", "ApiMS.Core\ApiMS.Core.csproj", "{4D91EEE5-69C5-458E-A5FF-1507A2994A33}"
EndProject
Project("{FAE04EC0-301F-11D3-BF4B-00C04F79EFBC}") = "ApiMS.Infrastructure", "ApiMS.Infrastructure\ApiMS.Infrastructure.csproj", "{515A93A6-E931-4D23-9F4D-6856B8B5CB65}"
EndProject
Project("{FAE04EC0-301F-11D3-BF4B-00C04F79EFBC}") = "ApiMS.Application", "ApiMS.Application\ApiMS.Application.csproj", "{288C4982-7C21-42C2-BCE9-51B19BB9FD56}"
EndProject
Global
	GlobalSection(SolutionConfigurationPlatforms) = preSolution
		Debug|Any CPU = Debug|Any CPU
		Release|Any CPU = Release|Any CPU
	EndGlobalSection
	GlobalSection(ProjectConfigurationPlatforms) = postSolution
		{1B47DA8C-8F68-45DA-945F-7A6DEE754808}.Debug|Any CPU.ActiveCfg = Debug|Any CPU
		{1B47DA8C-8F68-45DA-945F-7A6DEE754808}.Debug|Any CPU.Build.0 = Debug|Any CPU
		{1B47DA8C-8F68-45DA-945F-7A6DEE754808}.Release|Any CPU.ActiveCfg = Release|Any CPU
		{1B47DA8C-8F68-45DA-945F-7A6DEE754808}.Release|Any CPU.Build.0 = Release|Any CPU
		{4D91EEE5-69C5-458E-A5FF-1507A2994A33}.Debug|Any CPU.ActiveCfg = Debug|Any CPU
		{4D91EEE5-69C5-458E-A5FF-1507A2994A33}.Debug|Any CPU.Build.0 = Debug|Any CPU
		{4D91EEE5-69C5-458E-A5FF-1507A2994A33}.Release|Any CPU.ActiveCfg = Release|Any CPU
		{4D91EEE5-69C5-458E-A5FF-1507A2994A33}.Release|Any CPU.Build.0 = Release|Any CPU
		{515A93A6-E931-4D23-9F4D-6856B8B5CB65}.Debug|Any CPU.ActiveCfg = Debug|Any CPU
		{515A93A6-E931-4D23-9F4D-6856B8B5CB65}.Debug|Any CPU.Build.0 = Debug|Any CPU
		{515A93A6-E931-4D23-9F4D-6856B8B5CB65}.Release|Any CPU.ActiveCfg = Release|Any CPU
		{515A93A6-E931-4D23-9F4D-6856B8B5CB65}.Release|Any CPU.Build.0 = Release|Any CPU
		{288C4982-7C21-42C2-BCE9-51B19BB9FD56}.Debug|Any CPU.ActiveCfg = Debug|Any CPU
		{288C4982-7C21-42C2-BCE9-51B19BB9FD56}.Debug|Any CPU.Build.0 = Debug|Any CPU
		{288C4982-7C21-42C2-BCE9-51B19BB9FD56}.Release|Any CPU.ActiveCfg = Release|Any CPU
		{288C4982-7C21-42C2-BCE9-51B19BB9FD56}.Release|Any CPU.Build.0 = Release|Any CPU
	EndGlobalSection
	GlobalSection(SolutionProperties) = preSolution
		HideSolutionNode = FALSE
	EndGlobalSection
EndGlobal
